// !$*UTF8*$!
{
	archiveVersion = 1;
	classes = {
	};
	objectVersion = 46;
	objects = {

/* Begin PBXBuildFile section */
		9A38D3FB1A7A9A5C0092D003 /* SecondRound.m in Sources */ = {isa = PBXBuildFile; fileRef = 9A38D3FA1A7A9A5C0092D003 /* SecondRound.m */; };
		9A9713781A79B8B500F9079E /* main.m in Sources */ = {isa = PBXBuildFile; fileRef = 9A9713771A79B8B500F9079E /* main.m */; };
		9A97137B1A79B8B500F9079E /* AppDelegate.m in Sources */ = {isa = PBXBuildFile; fileRef = 9A97137A1A79B8B500F9079E /* AppDelegate.m */; };
		9A97137E1A79B8B500F9079E /* ViewController.m in Sources */ = {isa = PBXBuildFile; fileRef = 9A97137D1A79B8B500F9079E /* ViewController.m */; };
		9A9713811A79B8B500F9079E /* Main.storyboard in Resources */ = {isa = PBXBuildFile; fileRef = 9A97137F1A79B8B500F9079E /* Main.storyboard */; };
		9A9713831A79B8B500F9079E /* Images.xcassets in Resources */ = {isa = PBXBuildFile; fileRef = 9A9713821A79B8B500F9079E /* Images.xcassets */; };
		9A9713861A79B8B500F9079E /* LaunchScreen.xib in Resources */ = {isa = PBXBuildFile; fileRef = 9A9713841A79B8B500F9079E /* LaunchScreen.xib */; };
		9A9713921A79B8B500F9079E /* testieTwoTests.m in Sources */ = {isa = PBXBuildFile; fileRef = 9A9713911A79B8B500F9079E /* testieTwoTests.m */; };
/* End PBXBuildFile section */

/* Begin PBXContainerItemProxy section */
		9A97138C1A79B8B500F9079E /* PBXContainerItemProxy */ = {
			isa = PBXContainerItemProxy;
			containerPortal = 9A97136A1A79B8B500F9079E /* Project object */;
			proxyType = 1;
			remoteGlobalIDString = 9A9713711A79B8B500F9079E;
			remoteInfo = testieTwo;
		};
/* End PBXContainerItemProxy section */

/* Begin PBXFileReference section */
		9A38D3F91A7A9A5C0092D003 /* SecondRound.h */ = {isa = PBXFileReference; fileEncoding = 4; lastKnownFileType = sourcecode.c.h; path = SecondRound.h; sourceTree = "<group>"; };
		9A38D3FA1A7A9A5C0092D003 /* SecondRound.m */ = {isa = PBXFileReference; fileEncoding = 4; lastKnownFileType = sourcecode.c.objc; path = SecondRound.m; sourceTree = "<group>"; };
		9A9713721A79B8B500F9079E /* testieTwo.app */ = {isa = PBXFileReference; explicitFileType = wrapper.application; includeInIndex = 0; path = testieTwo.app; sourceTree = BUILT_PRODUCTS_DIR; };
		9A9713761A79B8B500F9079E /* Info.plist */ = {isa = PBXFileReference; lastKnownFileType = text.plist.xml; path = Info.plist; sourceTree = "<group>"; };
		9A9713771A79B8B500F9079E /* main.m */ = {isa = PBXFileReference; lastKnownFileType = sourcecode.c.objc; path = main.m; sourceTree = "<group>"; };
		9A9713791A79B8B500F9079E /* AppDelegate.h */ = {isa = PBXFileReference; lastKnownFileType = sourcecode.c.h; path = AppDelegate.h; sourceTree = "<group>"; };
		9A97137A1A79B8B500F9079E /* AppDelegate.m */ = {isa = PBXFileReference; lastKnownFileType = sourcecode.c.objc; path = AppDelegate.m; sourceTree = "<group>"; };
		9A97137C1A79B8B500F9079E /* ViewController.h */ = {isa = PBXFileReference; lastKnownFileType = sourcecode.c.h; path = ViewController.h; sourceTree = "<group>"; };
		9A97137D1A79B8B500F9079E /* ViewController.m */ = {isa = PBXFileReference; lastKnownFileType = sourcecode.c.objc; path = ViewController.m; sourceTree = "<group>"; };
		9A9713801A79B8B500F9079E /* Base */ = {isa = PBXFileReference; lastKnownFileType = file.storyboard; name = Base; path = Base.lproj/Main.storyboard; sourceTree = "<group>"; };
		9A9713821A79B8B500F9079E /* Images.xcassets */ = {isa = PBXFileReference; lastKnownFileType = folder.assetcatalog; path = Images.xcassets; sourceTree = "<group>"; };
		9A9713851A79B8B500F9079E /* Base */ = {isa = PBXFileReference; lastKnownFileType = file.xib; name = Base; path = Base.lproj/LaunchScreen.xib; sourceTree = "<group>"; };
		9A97138B1A79B8B500F9079E /* testieTwoTests.xctest */ = {isa = PBXFileReference; explicitFileType = wrapper.cfbundle; includeInIndex = 0; path = testieTwoTests.xctest; sourceTree = BUILT_PRODUCTS_DIR; };
		9A9713901A79B8B500F9079E /* Info.plist */ = {isa = PBXFileReference; lastKnownFileType = text.plist.xml; path = Info.plist; sourceTree = "<group>"; };
		9A9713911A79B8B500F9079E /* testieTwoTests.m */ = {isa = PBXFileReference; lastKnownFileType = sourcecode.c.objc; path = testieTwoTests.m; sourceTree = "<group>"; };
/* End PBXFileReference section */

/* Begin PBXFrameworksBuildPhase section */
		9A97136F1A79B8B500F9079E /* Frameworks */ = {
			isa = PBXFrameworksBuildPhase;
			buildActionMask = 2147483647;
			files = (
			);
			runOnlyForDeploymentPostprocessing = 0;
		};
		9A9713881A79B8B500F9079E /* Frameworks */ = {
			isa = PBXFrameworksBuildPhase;
			buildActionMask = 2147483647;
			files = (
			);
			runOnlyForDeploymentPostprocessing = 0;
		};
/* End PBXFrameworksBuildPhase section */

/* Begin PBXGroup section */
		9A9713691A79B8B500F9079E = {
			isa = PBXGroup;
			children = (
				9A9713741A79B8B500F9079E /* testieTwo */,
				9A97138E1A79B8B500F9079E /* testieTwoTests */,
				9A9713731A79B8B500F9079E /* Products */,
			);
			sourceTree = "<group>";
		};
		9A9713731A79B8B500F9079E /* Products */ = {
			isa = PBXGroup;
			children = (
				9A9713721A79B8B500F9079E /* testieTwo.app */,
				9A97138B1A79B8B500F9079E /* testieTwoTests.xctest */,
			);
			name = Products;
			sourceTree = "<group>";
		};
		9A9713741A79B8B500F9079E /* testieTwo */ = {
			isa = PBXGroup;
			children = (
				9A9713791A79B8B500F9079E /* AppDelegate.h */,
				9A97137A1A79B8B500F9079E /* AppDelegate.m */,
				9A97137C1A79B8B500F9079E /* ViewController.h */,
				9A38D3F91A7A9A5C0092D003 /* SecondRound.h */,
				9A38D3FA1A7A9A5C0092D003 /* SecondRound.m */,
				9A97137D1A79B8B500F9079E /* ViewController.m */,
				9A97137F1A79B8B500F9079E /* Main.storyboard */,
				9A9713821A79B8B500F9079E /* Images.xcassets */,
				9A9713841A79B8B500F9079E /* LaunchScreen.xib */,
				9A9713751A79B8B500F9079E /* Supporting Files */,
			);
			path = testieTwo;
			sourceTree = "<group>";
		};
		9A9713751A79B8B500F9079E /* Supporting Files */ = {
			isa = PBXGroup;
			children = (
				9A9713761A79B8B500F9079E /* Info.plist */,
				9A9713771A79B8B500F9079E /* main.m */,
			);
			name = "Supporting Files";
			sourceTree = "<group>";
		};
		9A97138E1A79B8B500F9079E /* testieTwoTests */ = {
			isa = PBXGroup;
			children = (
				9A9713911A79B8B500F9079E /* testieTwoTests.m */,
				9A97138F1A79B8B500F9079E /* Supporting Files */,
			);
			path = testieTwoTests;
			sourceTree = "<group>";
		};
		9A97138F1A79B8B500F9079E /* Supporting Files */ = {
			isa = PBXGroup;
			children = (
				9A9713901A79B8B500F9079E /* Info.plist */,
			);
			name = "Supporting Files";
			sourceTree = "<group>";
		};
/* End PBXGroup section */

/* Begin PBXNativeTarget section */
		9A9713711A79B8B500F9079E /* testieTwo */ = {
			isa = PBXNativeTarget;
			buildConfigurationList = 9A9713951A79B8B500F9079E /* Build configuration list for PBXNativeTarget "testieTwo" */;
			buildPhases = (
				9A97136E1A79B8B500F9079E /* Sources */,
				9A97136F1A79B8B500F9079E /* Frameworks */,
				9A9713701A79B8B500F9079E /* Resources */,
			);
			buildRules = (
			);
			dependencies = (
			);
			name = testieTwo;
			productName = testieTwo;
			productReference = 9A9713721A79B8B500F9079E /* testieTwo.app */;
			productType = "com.apple.product-type.application";
		};
		9A97138A1A79B8B500F9079E /* testieTwoTests */ = {
			isa = PBXNativeTarget;
			buildConfigurationList = 9A9713981A79B8B500F9079E /* Build configuration list for PBXNativeTarget "testieTwoTests" */;
			buildPhases = (
				9A9713871A79B8B500F9079E /* Sources */,
				9A9713881A79B8B500F9079E /* Frameworks */,
				9A9713891A79B8B500F9079E /* Resources */,
			);
			buildRules = (
			);
			dependencies = (
				9A97138D1A79B8B500F9079E /* PBXTargetDependency */,
			);
			name = testieTwoTests;
			productName = testieTwoTests;
			productReference = 9A97138B1A79B8B500F9079E /* testieTwoTests.xctest */;
			productType = "com.apple.product-type.bundle.unit-test";
		};
/* End PBXNativeTarget section */

/* Begin PBXProject section */
		9A97136A1A79B8B500F9079E /* Project object */ = {
			isa = PBXProject;
			attributes = {
				LastUpgradeCheck = 0620;
				ORGANIZATIONNAME = "Justin Herron";
				TargetAttributes = {
					9A9713711A79B8B500F9079E = {
						CreatedOnToolsVersion = 6.2;
					};
					9A97138A1A79B8B500F9079E = {
						CreatedOnToolsVersion = 6.2;
						TestTargetID = 9A9713711A79B8B500F9079E;
					};
				};
			};
			buildConfigurationList = 9A97136D1A79B8B500F9079E /* Build configuration list for PBXProject "testieTwo" */;
			compatibilityVersion = "Xcode 3.2";
			developmentRegion = English;
			hasScannedForEncodings = 0;
			knownRegions = (
				en,
				Base,
			);
			mainGroup = 9A9713691A79B8B500F9079E;
			productRefGroup = 9A9713731A79B8B500F9079E /* Products */;
			projectDirPath = "";
			projectRoot = "";
			targets = (
				9A9713711A79B8B500F9079E /* testieTwo */,
				9A97138A1A79B8B500F9079E /* testieTwoTests */,
			);
		};
/* End PBXProject section */

/* Begin PBXResourcesBuildPhase section */
		9A9713701A79B8B500F9079E /* Resources */ = {
			isa = PBXResourcesBuildPhase;
			buildActionMask = 2147483647;
			files = (
				9A9713811A79B8B500F9079E /* Main.storyboard in Resources */,
				9A9713861A79B8B500F9079E /* LaunchScreen.xib in Resources */,
				9A9713831A79B8B500F9079E /* Images.xcassets in Resources */,
			);
			runOnlyForDeploymentPostprocessing = 0;
		};
		9A9713891A79B8B500F9079E /* Resources */ = {
			isa = PBXResourcesBuildPhase;
			buildActionMask = 2147483647;
			files = (
			);
			runOnlyForDeploymentPostprocessing = 0;
		};
/* End PBXResourcesBuildPhase section */

/* Begin PBXSourcesBuildPhase section */
		9A97136E1A79B8B500F9079E /* Sources */ = {
			isa = PBXSourcesBuildPhase;
			buildActionMask = 2147483647;
			files = (
				9A38D3FB1A7A9A5C0092D003 /* SecondRound.m in Sources */,
				9A97137E1A79B8B500F9079E /* ViewController.m in Sources */,
				9A97137B1A79B8B500F9079E /* AppDelegate.m in Sources */,
				9A9713781A79B8B500F9079E /* main.m in Sources */,
			);
			runOnlyForDeploymentPostprocessing = 0;
		};
		9A9713871A79B8B500F9079E /* Sources */ = {
			isa = PBXSourcesBuildPhase;
			buildActionMask = 2147483647;
			files = (
				9A9713921A79B8B500F9079E /* testieTwoTests.m in Sources */,
			);
			runOnlyForDeploymentPostprocessing = 0;
		};
/* End PBXSourcesBuildPhase section */

/* Begin PBXTargetDependency section */
		9A97138D1A79B8B500F9079E /* PBXTargetDependency */ = {
			isa = PBXTargetDependency;
			target = 9A9713711A79B8B500F9079E /* testieTwo */;
			targetProxy = 9A97138C1A79B8B500F9079E /* PBXContainerItemProxy */;
		};
/* End PBXTargetDependency section */

/* Begin PBXVariantGroup section */
		9A97137F1A79B8B500F9079E /* Main.storyboard */ = {
			isa = PBXVariantGroup;
			children = (
				9A9713801A79B8B500F9079E /* Base */,
			);
			name = Main.storyboard;
			sourceTree = "<group>";
		};
		9A9713841A79B8B500F9079E /* LaunchScreen.xib */ = {
			isa = PBXVariantGroup;
			children = (
				9A9713851A79B8B500F9079E /* Base */,
			);
			name = LaunchScreen.xib;
			sourceTree = "<group>";
		};
/* End PBXVariantGroup section */

/* Begin XCBuildConfiguration section */
		9A9713931A79B8B500F9079E /* Debug */ = {
			isa = XCBuildConfiguration;
			buildSettings = {
				ALWAYS_SEARCH_USER_PATHS = NO;
				CLANG_CXX_LANGUAGE_STANDARD = "gnu++0x";
				CLANG_CXX_LIBRARY = "libc++";
				CLANG_ENABLE_MODULES = YES;
				CLANG_ENABLE_OBJC_ARC = YES;
				CLANG_WARN_BOOL_CONVERSION = YES;
				CLANG_WARN_CONSTANT_CONVERSION = YES;
				CLANG_WARN_DIRECT_OBJC_ISA_USAGE = YES_ERROR;
				CLANG_WARN_EMPTY_BODY = YES;
				CLANG_WARN_ENUM_CONVERSION = YES;
				CLANG_WARN_INT_CONVERSION = YES;
				CLANG_WARN_OBJC_ROOT_CLASS = YES_ERROR;
				CLANG_WARN_UNREACHABLE_CODE = YES;
				CLANG_WARN__DUPLICATE_METHOD_MATCH = YES;
				"CODE_SIGN_IDENTITY[sdk=iphoneos*]" = "iPhone Developer";
				COPY_PHASE_STRIP = NO;
				ENABLE_STRICT_OBJC_MSGSEND = YES;
				GCC_C_LANGUAGE_STANDARD = gnu99;
				GCC_DYNAMIC_NO_PIC = NO;
				GCC_OPTIMIZATION_LEVEL = 0;
				GCC_PREPROCESSOR_DEFINITIONS = (
					"DEBUG=1",
					"$(inherited)",
				);
				GCC_SYMBOLS_PRIVATE_EXTERN = NO;
				GCC_WARN_64_TO_32_BIT_CONVERSION = YES;
				GCC_WARN_ABOUT_RETURN_TYPE = YES_ERROR;
				GCC_WARN_UNDECLARED_SELECTOR = YES;
				GCC_WARN_UNINITIALIZED_AUTOS = YES_AGGRESSIVE;
				GCC_WARN_UNUSED_FUNCTION = YES;
				GCC_WARN_UNUSED_VARIABLE = YES;
				IPHONEOS_DEPLOYMENT_TARGET = 8.2;
				MTL_ENABLE_DEBUG_INFO = YES;
				ONLY_ACTIVE_ARCH = YES;
				SDKROOT = iphoneos;
			};
			name = Debug;
		};
		9A9713941A79B8B500F9079E /* Release */ = {
			isa = XCBuildConfiguration;
			buildSettings = {
				ALWAYS_SEARCH_USER_PATHS = NO;
				CLANG_CXX_LANGUAGE_STANDARD = "gnu++0x";
				CLANG_CXX_LIBRARY = "libc++";
				CLANG_ENABLE_MODULES = YES;
				CLANG_ENABLE_OBJC_ARC = YES;
				CLANG_WARN_BOOL_CONVERSION = YES;
				CLANG_WARN_CONSTANT_CONVERSION = YES;
				CLANG_WARN_DIRECT_OBJC_ISA_USAGE = YES_ERROR;
				CLANG_WARN_EMPTY_BODY = YES;
				CLANG_WARN_ENUM_CONVERSION = YES;
				CLANG_WARN_INT_CONVERSION = YES;
				CLANG_WARN_OBJC_ROOT_CLASS = YES_ERROR;
				CLANG_WARN_UNREACHABLE_CODE = YES;
				CLANG_WARN__DUPLICATE_METHOD_MATCH = YES;
				"CODE_SIGN_IDENTITY[sdk=iphoneos*]" = "iPhone Developer";
				COPY_PHASE_STRIP = YES;
				ENABLE_NS_ASSERTIONS = NO;
				ENABLE_STRICT_OBJC_MSGSEND = YES;
				GCC_C_LANGUAGE_STANDARD = gnu99;
				GCC_WARN_64_TO_32_BIT_CONVERSION = YES;
				GCC_WARN_ABOUT_RETURN_TYPE = YES_ERROR;
				GCC_WARN_UNDECLARED_SELECTOR = YES;
				GCC_WARN_UNINITIALIZED_AUTOS = YES_AGGRESSIVE;
				GCC_WARN_UNUSED_FUNCTION = YES;
				GCC_WARN_UNUSED_VARIABLE = YES;
				IPHONEOS_DEPLOYMENT_TARGET = 8.2;
				MTL_ENABLE_DEBUG_INFO = NO;
				SDKROOT = iphoneos;
				VALIDATE_PRODUCT = YES;
			};
			name = Release;
		};
		9A9713961A79B8B500F9079E /* Debug */ = {
			isa = XCBuildConfiguration;
			buildSettings = {
				ASSETCATALOG_COMPILER_APPICON_NAME = AppIcon;
				INFOPLIST_FILE = testieTwo/Info.plist;
				LD_RUNPATH_SEARCH_PATHS = "$(inherited) @executable_path/Frameworks";
				PRODUCT_NAME = "$(TARGET_NAME)";
			};
			name = Debug;
		};
		9A9713971A79B8B500F9079E /* Release */ = {
			isa = XCBuildConfiguration;
			buildSettings = {
				ASSETCATALOG_COMPILER_APPICON_NAME = AppIcon;
				INFOPLIST_FILE = testieTwo/Info.plist;
				LD_RUNPATH_SEARCH_PATHS = "$(inherited) @executable_path/Frameworks";
				PRODUCT_NAME = "$(TARGET_NAME)";
			};
			name = Release;
		};
		9A9713991A79B8B500F9079E /* Debug */ = {
			isa = XCBuildConfiguration;
			buildSettings = {
				BUNDLE_LOADER = "$(TEST_HOST)";
				FRAMEWORK_SEARCH_PATHS = (
					"$(SDKROOT)/Developer/Library/Frameworks",
					"$(inherited)",
				);
				GCC_PREPROCESSOR_DEFINITIONS = (
					"DEBUG=1",
					"$(inherited)",
				);
				INFOPLIST_FILE = testieTwoTests/Info.plist;
				LD_RUNPATH_SEARCH_PATHS = "$(inherited) @executable_path/Frameworks @loader_path/Frameworks";
				PRODUCT_NAME = "$(TARGET_NAME)";
				TEST_HOST = "$(BUILT_PRODUCTS_DIR)/testieTwo.app/testieTwo";
			};
			name = Debug;
		};
		9A97139A1A79B8B500F9079E /* Release */ = {
			isa = XCBuildConfiguration;
			buildSettings = {
				BUNDLE_LOADER = "$(TEST_HOST)";
				FRAMEWORK_SEARCH_PATHS = (
					"$(SDKROOT)/Developer/Library/Frameworks",
					"$(inherited)",
				);
				INFOPLIST_FILE = testieTwoTests/Info.plist;
				LD_RUNPATH_SEARCH_PATHS = "$(inherited) @executable_path/Frameworks @loader_path/Frameworks";
				PRODUCT_NAME = "$(TARGET_NAME)";
				TEST_HOST = "$(BUILT_PRODUCTS_DIR)/testieTwo.app/testieTwo";
			};
			name = Release;
		};
/* End XCBuildConfiguration section */

/* Begin XCConfigurationList section */
		9A97136D1A79B8B500F9079E /* Build configuration list for PBXProject "testieTwo" */ = {
			isa = XCConfigurationList;
			buildConfigurations = (
				9A9713931A79B8B500F9079E /* Debug */,
				9A9713941A79B8B500F9079E /* Release */,
			);
			defaultConfigurationIsVisible = 0;
			defaultConfigurationName = Release;
		};
		9A9713951A79B8B500F9079E /* Build configuration list for PBXNativeTarget "testieTwo" */ = {
			isa = XCConfigurationList;
			buildConfigurations = (
				9A9713961A79B8B500F9079E /* Debug */,
				9A9713971A79B8B500F9079E /* Release */,
			);
			defaultConfigurationIsVisible = 0;
			defaultConfigurationName = Release;
		};
		9A9713981A79B8B500F9079E /* Build configuration list for PBXNativeTarget "testieTwoTests" */ = {
			isa = XCConfigurationList;
			buildConfigurations = (
				9A9713991A79B8B500F9079E /* Debug */,
				9A97139A1A79B8B500F9079E /* Release */,
			);
			defaultConfigurationIsVisible = 0;
			defaultConfigurationName = Release;
		};
/* End XCConfigurationList section */
	};
	rootObject = 9A97136A1A79B8B500F9079E /* Project object */;
}
